{
  "name": "telegram_auto_update_username",
  "version": "1.0.0",
  "lockfileVersion": 2,
  "requires": true,
  "packages": {
    "": {
      "name": "telegram_auto_update_username",
      "version": "1.0.0",
      "license": "ISC",
      "dependencies": {
        "cron": "^2.1.0",
        "dotenv": "^16.0.3",
        "prebuilt-tdlib": "^0.1008000.0",
        "randomstring": "^1.2.3",
        "tdl": "^7.2.0",
        "tdl-tdlib-addon": "^1.2.1"
      }
    },
    "node_modules/array-uniq": {
      "version": "1.0.2",
      "resolved": "https://registry.npmjs.org/array-uniq/-/array-uniq-1.0.2.tgz",
      "integrity": "sha512-GVYjmpL05al4dNlKJm53mKE4w9OOLiuVHWorsIA3YVz+Hu0hcn6PtE3Ydl0EqU7v+7ABC4mjjWsnLUxbpno+CA==",
      "engines": {
        "node": ">=0.10.0"
      }
    },
    "node_modules/cron": {
      "version": "2.1.0",
      "resolved": "https://registry.npmjs.org/cron/-/cron-2.1.0.tgz",
      "integrity": "sha512-Hq7u3P8y7UWYvsZbSKHHJDVG0VO9O7tp2qljxzTScelcTODBfCme8AIhnZsFwmQ9NchZ3hr2uNr+s3DSms7q6w==",
      "dependencies": {
        "luxon": "^1.23.x"
      }
    },
    "node_modules/debug": {
      "version": "4.3.4",
      "resolved": "https://registry.npmjs.org/debug/-/debug-4.3.4.tgz",
      "integrity": "sha512-PRWFHuSU3eDtQJPvnNY7Jcket1j0t5OuOsFzPPzsekD52Zl8qUfFIPEiswXqIvHWGVHOgX+7G/vCNNhehwxfkQ==",
      "dependencies": {
        "ms": "2.1.2"
      },
      "engines": {
        "node": ">=6.0"
      },
      "peerDependenciesMeta": {
        "supports-color": {
          "optional": true
        }
      }
    },
    "node_modules/dotenv": {
      "version": "16.0.3",
      "resolved": "https://registry.npmjs.org/dotenv/-/dotenv-16.0.3.tgz",
      "integrity": "sha512-7GO6HghkA5fYG9TYnNxi14/7K9f5occMlp3zXAuSxn7CKCxt9xbNWG7yF8hTCSUchlfWSe3uLmlPfigevRItzQ==",
      "engines": {
        "node": ">=12"
      }
    },
    "node_modules/eventemitter3": {
      "version": "4.0.7",
      "resolved": "https://registry.npmjs.org/eventemitter3/-/eventemitter3-4.0.7.tgz",
      "integrity": "sha512-8guHBZCwKnFhYdHr2ysuRWErTwhoN2X8XELRlrRwpmfeY2jjuUN4taQMsULKUVo1K4DvZl+0pgfyoysHxvmvEw=="
    },
    "node_modules/luxon": {
      "version": "1.28.0",
      "resolved": "https://registry.npmjs.org/luxon/-/luxon-1.28.0.tgz",
      "integrity": "sha512-TfTiyvZhwBYM/7QdAVDh+7dBTBA29v4ik0Ce9zda3Mnf8on1S5KJI8P2jKFZ8+5C0jhmr0KwJEO/Wdpm0VeWJQ==",
      "engines": {
        "node": "*"
      }
    },
    "node_modules/ms": {
      "version": "2.1.2",
      "resolved": "https://registry.npmjs.org/ms/-/ms-2.1.2.tgz",
      "integrity": "sha512-sGkPx+VjMtmA6MX27oA4FBFELFCZZ4S4XqeGOXCv68tT+jb3vk/RyaKWP0PTKyWtmLSM0b+adUTEvbs1PEaH2w=="
    },
    "node_modules/node-addon-api": {
      "version": "4.3.0",
      "resolved": "https://registry.npmjs.org/node-addon-api/-/node-addon-api-4.3.0.tgz",
      "integrity": "sha512-73sE9+3UaLYYFmDsFZnqCInzPyh3MqIwZO9cw58yIqAZhONrrabrYyYe3TuIqtIiOuTXVhsGau8hcrhhwSsDIQ=="
    },
    "node_modules/prebuilt-tdlib": {
      "version": "0.1008000.0",
      "resolved": "https://registry.npmjs.org/prebuilt-tdlib/-/prebuilt-tdlib-0.1008000.0.tgz",
      "integrity": "sha512-KW0UWGSGtYdiN8S+QjZpjK1rDDCNCoUnfAzZBDNF0DQLxzne9K6hzXXa5Z+THvJQKvTW4sVs3Fl1q8HLg+lZ2Q=="
    },
    "node_modules/randombytes": {
      "version": "2.0.3",
      "resolved": "https://registry.npmjs.org/randombytes/-/randombytes-2.0.3.tgz",
      "integrity": "sha512-lDVjxQQFoCG1jcrP06LNo2lbWp4QTShEXnhActFBwYuHprllQV6VUpwreApsYqCgD+N1mHoqJ/BI/4eV4R2GYg=="
    },
    "node_modules/randomstring": {
      "version": "1.2.3",
      "resolved": "https://registry.npmjs.org/randomstring/-/randomstring-1.2.3.tgz",
      "integrity": "sha512-3dEFySepTzp2CvH6W/ASYGguPPveBuz5MpZ7MuoUkoVehmyNl9+F9c9GFVrz2QPbM9NXTIHGcmJDY/3j4677kQ==",
      "dependencies": {
        "array-uniq": "1.0.2",
        "randombytes": "2.0.3"
      },
      "bin": {
        "randomstring": "bin/randomstring"
      },
      "engines": {
        "node": "*"
      }
    },
    "node_modules/tdl": {
      "version": "7.2.0",
      "resolved": "https://registry.npmjs.org/tdl/-/tdl-7.2.0.tgz",
      "integrity": "sha512-GLSQYIxSSBkOarz0hw+V1HuM9tMVuxGsimP/knfJCXjQcVuJgVdr4xkHVZRsDeQWxvkM9t8anFLMBQzo/dmcUg==",
      "dependencies": {
        "debug": "^4.3.4",
        "eventemitter3": "^4.0.7",
        "tdl-shared": "^0.10.0"
      }
    },
    "node_modules/tdl-shared": {
      "version": "0.10.0",
      "resolved": "https://registry.npmjs.org/tdl-shared/-/tdl-shared-0.10.0.tgz",
      "integrity": "sha512-MWkHaB4zp1NjuDQFSjB6SiDqesCjQPXhHwdP+V5G5AWijnNlDUYOatEUagn4pOaulBm+7VDZsGfof8HUZIgeag=="
    },
    "node_modules/tdl-tdlib-addon": {
      "version": "1.2.1",
      "resolved": "https://registry.npmjs.org/tdl-tdlib-addon/-/tdl-tdlib-addon-1.2.1.tgz",
      "integrity": "sha512-XsK5i/JBXhJbLTjpxGA7Phg/O6MXRslel7gZxfOQf5R5F2ooFwKtPH8hZgJ3CfBXzOV8u7d0Edy1cm9yWH7u4Q==",
      "hasInstallScript": true,
      "dependencies": {
        "debug": "^4.3.4",
        "node-addon-api": "^4.3.0",
        "tdl-shared": "^0.10.0"
      },
      "engines": {
        "node": ">= 8.6.0"
      },
      "peerDependencies": {
        "tdl": ">= 7.0.0"
      }
    }
  },
  "dependencies": {
    "array-uniq": {
      "version": "1.0.2",
      "resolved": "https://registry.npmjs.org/array-uniq/-/array-uniq-1.0.2.tgz",
      "integrity": "sha512-GVYjmpL05al4dNlKJm53mKE4w9OOLiuVHWorsIA3YVz+Hu0hcn6PtE3Ydl0EqU7v+7ABC4mjjWsnLUxbpno+CA=="
    },
    "cron": {
      "version": "2.1.0",
      "resolved": "https://registry.npmjs.org/cron/-/cron-2.1.0.tgz",
      "integrity": "sha512-Hq7u3P8y7UWYvsZbSKHHJDVG0VO9O7tp2qljxzTScelcTODBfCme8AIhnZsFwmQ9NchZ3hr2uNr+s3DSms7q6w==",
      "requires": {
        "luxon": "^1.23.x"
      }
    },
    "debug": {
      "version": "4.3.4",
      "resolved": "https://registry.npmjs.org/debug/-/debug-4.3.4.tgz",
      "integrity": "sha512-PRWFHuSU3eDtQJPvnNY7Jcket1j0t5OuOsFzPPzsekD52Zl8qUfFIPEiswXqIvHWGVHOgX+7G/vCNNhehwxfkQ==",
      "requires": {
        "ms": "2.1.2"
      }
    },
    "dotenv": {
      "version": "16.0.3",
      "resolved": "https://registry.npmjs.org/dotenv/-/dotenv-16.0.3.tgz",
      "integrity": "sha512-7GO6HghkA5fYG9TYnNxi14/7K9f5occMlp3zXAuSxn7CKCxt9xbNWG7yF8hTCSUchlfWSe3uLmlPfigevRItzQ=="
    },
    "eventemitter3": {
      "version": "4.0.7",
      "resolved": "https://registry.npmjs.org/eventemitter3/-/eventemitter3-4.0.7.tgz",
      "integrity": "sha512-8guHBZCwKnFhYdHr2ysuRWErTwhoN2X8XELRlrRwpmfeY2jjuUN4taQMsULKUVo1K4DvZl+0pgfyoysHxvmvEw=="
    },
    "luxon": {
      "version": "1.28.0",
      "resolved": "https://registry.npmjs.org/luxon/-/luxon-1.28.0.tgz",
      "integrity": "sha512-TfTiyvZhwBYM/7QdAVDh+7dBTBA29v4ik0Ce9zda3Mnf8on1S5KJI8P2jKFZ8+5C0jhmr0KwJEO/Wdpm0VeWJQ=="
    },
    "ms": {
      "version": "2.1.2",
      "resolved": "https://registry.npmjs.org/ms/-/ms-2.1.2.tgz",
      "integrity": "sha512-sGkPx+VjMtmA6MX27oA4FBFELFCZZ4S4XqeGOXCv68tT+jb3vk/RyaKWP0PTKyWtmLSM0b+adUTEvbs1PEaH2w=="
    },
    "node-addon-api": {
      "version": "4.3.0",
      "resolved": "https://registry.npmjs.org/node-addon-api/-/node-addon-api-4.3.0.tgz",
      "integrity": "sha512-73sE9+3UaLYYFmDsFZnqCInzPyh3MqIwZO9cw58yIqAZhONrrabrYyYe3TuIqtIiOuTXVhsGau8hcrhhwSsDIQ=="
    },
    "prebuilt-tdlib": {
      "version": "0.1008000.0",
      "resolved": "https://registry.npmjs.org/prebuilt-tdlib/-/prebuilt-tdlib-0.1008000.0.tgz",
      "integrity": "sha512-KW0UWGSGtYdiN8S+QjZpjK1rDDCNCoUnfAzZBDNF0DQLxzne9K6hzXXa5Z+THvJQKvTW4sVs3Fl1q8HLg+lZ2Q=="
    },
    "randombytes": {
      "version": "2.0.3",
      "resolved": "https://registry.npmjs.org/randombytes/-/randombytes-2.0.3.tgz",
      "integrity": "sha512-lDVjxQQFoCG1jcrP06LNo2lbWp4QTShEXnhActFBwYuHprllQV6VUpwreApsYqCgD+N1mHoqJ/BI/4eV4R2GYg=="
    },
    "randomstring": {
      "version": "1.2.3",
      "resolved": "https://registry.npmjs.org/randomstring/-/randomstring-1.2.3.tgz",
      "integrity": "sha512-3dEFySepTzp2CvH6W/ASYGguPPveBuz5MpZ7MuoUkoVehmyNl9+F9c9GFVrz2QPbM9NXTIHGcmJDY/3j4677kQ==",
      "requires": {
        "array-uniq": "1.0.2",
        "randombytes": "2.0.3"
      }
    },
    "tdl": {
      "version": "7.2.0",
      "resolved": "https://registry.npmjs.org/tdl/-/tdl-7.2.0.tgz",
      "integrity": "sha512-GLSQYIxSSBkOarz0hw+V1HuM9tMVuxGsimP/knfJCXjQcVuJgVdr4xkHVZRsDeQWxvkM9t8anFLMBQzo/dmcUg==",
      "requires": {
        "debug": "^4.3.4",
        "eventemitter3": "^4.0.7",
        "tdl-shared": "^0.10.0"
      }
    },
    "tdl-shared": {
      "version": "0.10.0",
      "resolved": "https://registry.npmjs.org/tdl-shared/-/tdl-shared-0.10.0.tgz",
      "integrity": "sha512-MWkHaB4zp1NjuDQFSjB6SiDqesCjQPXhHwdP+V5G5AWijnNlDUYOatEUagn4pOaulBm+7VDZsGfof8HUZIgeag=="
    },
    "tdl-tdlib-addon": {
      "version": "1.2.1",
      "resolved": "https://registry.npmjs.org/tdl-tdlib-addon/-/tdl-tdlib-addon-1.2.1.tgz",
      "integrity": "sha512-XsK5i/JBXhJbLTjpxGA7Phg/O6MXRslel7gZxfOQf5R5F2ooFwKtPH8hZgJ3CfBXzOV8u7d0Edy1cm9yWH7u4Q==",
      "requires": {
        "debug": "^4.3.4",
        "node-addon-api": "^4.3.0",
        "tdl-shared": "^0.10.0"
      }
    }
  }
}
